// !$*UTF8*$!
{
	archiveVersion = 1;
	classes = {
	};
	objectVersion = 46;
	objects = {

/* Begin PBXBuildFile section */
		27973FA42A79D9D6009AD0D1 /* RequestManager.swift in Sources */ = {isa = PBXBuildFile; fileRef = 27973F922A79D9D6009AD0D1 /* RequestManager.swift */; };
		27973FA52A79D9D6009AD0D1 /* StatusViewController.swift in Sources */ = {isa = PBXBuildFile; fileRef = 27973F932A79D9D6009AD0D1 /* StatusViewController.swift */; };
		27973FA62A79D9D6009AD0D1 /* TraccarModule.m in Sources */ = {isa = PBXBuildFile; fileRef = 27973F942A79D9D6009AD0D1 /* TraccarModule.m */; };
		27973FA72A79D9D6009AD0D1 /* NetworkManager.swift in Sources */ = {isa = PBXBuildFile; fileRef = 27973F952A79D9D6009AD0D1 /* NetworkManager.swift */; };
		27973FA82A79D9D6009AD0D1 /* TraccarModule.swift in Sources */ = {isa = PBXBuildFile; fileRef = 27973F962A79D9D6009AD0D1 /* TraccarModule.swift */; };
		27973FA92A79D9D6009AD0D1 /* DatabaseHelper.swift in Sources */ = {isa = PBXBuildFile; fileRef = 27973F972A79D9D6009AD0D1 /* DatabaseHelper.swift */; };
		27973FAA2A79D9D6009AD0D1 /* AppDelegate.swift in Sources */ = {isa = PBXBuildFile; fileRef = 27973F982A79D9D6009AD0D1 /* AppDelegate.swift */; };
		27973FAB2A79D9D6009AD0D1 /* ProtocolFormatter.swift in Sources */ = {isa = PBXBuildFile; fileRef = 27973F992A79D9D6009AD0D1 /* ProtocolFormatter.swift */; };
		27973FAC2A79D9D6009AD0D1 /* PositionProvider.swift in Sources */ = {isa = PBXBuildFile; fileRef = 27973F9A2A79D9D6009AD0D1 /* PositionProvider.swift */; };
		27973FAE2A79D9D6009AD0D1 /* Position.swift in Sources */ = {isa = PBXBuildFile; fileRef = 27973F9C2A79D9D6009AD0D1 /* Position.swift */; };
		27973FAF2A79D9D6009AD0D1 /* DistanceCalculator.swift in Sources */ = {isa = PBXBuildFile; fileRef = 27973F9D2A79D9D6009AD0D1 /* DistanceCalculator.swift */; };
		27973FB02A79D9D6009AD0D1 /* TraccarClient.xcdatamodeld in Sources */ = {isa = PBXBuildFile; fileRef = 27973F9F2A79D9D6009AD0D1 /* TraccarClient.xcdatamodeld */; };
		27973FB12A79D9D6009AD0D1 /* TrackingController.swift in Sources */ = {isa = PBXBuildFile; fileRef = 27973FA12A79D9D6009AD0D1 /* TrackingController.swift */; };
		27973FB22A79D9D6009AD0D1 /* BatteryStatus.swift in Sources */ = {isa = PBXBuildFile; fileRef = 27973FA32A79D9D6009AD0D1 /* BatteryStatus.swift */; };
		27973FB52A79D9F9009AD0D1 /* CoreFoundation.framework in Frameworks */ = {isa = PBXBuildFile; fileRef = 27973FB42A79D9F9009AD0D1 /* CoreFoundation.framework */; };
		27973FB72A79D9FF009AD0D1 /* Foundation.framework in Frameworks */ = {isa = PBXBuildFile; fileRef = 27973FB62A79D9FF009AD0D1 /* Foundation.framework */; };
		27973FB92A79DA06009AD0D1 /* UIKit.framework in Frameworks */ = {isa = PBXBuildFile; fileRef = 27973FB82A79DA06009AD0D1 /* UIKit.framework */; };
/* End PBXBuildFile section */

/* Begin PBXCopyFilesBuildPhase section */
		58B511D91A9E6C8500147676 /* CopyFiles */ = {
			isa = PBXCopyFilesBuildPhase;
			buildActionMask = 2147483647;
			dstPath = "include/$(PRODUCT_NAME)";
			dstSubfolderSpec = 16;
			files = (
			);
			runOnlyForDeploymentPostprocessing = 0;
		};
/* End PBXCopyFilesBuildPhase section */

/* Begin PBXFileReference section */
		27973F912A79D9D6009AD0D1 /* react-native-traccar-Bridging-Header.h */ = {isa = PBXFileReference; lastKnownFileType = sourcecode.c.h; path = "react-native-traccar-Bridging-Header.h"; sourceTree = "<group>"; };
		27973F922A79D9D6009AD0D1 /* RequestManager.swift */ = {isa = PBXFileReference; fileEncoding = 4; lastKnownFileType = sourcecode.swift; name = RequestManager.swift; path = TraccarClient/RequestManager.swift; sourceTree = SOURCE_ROOT; };
		27973F932A79D9D6009AD0D1 /* StatusViewController.swift */ = {isa = PBXFileReference; fileEncoding = 4; lastKnownFileType = sourcecode.swift; name = StatusViewController.swift; path = TraccarClient/StatusViewController.swift; sourceTree = SOURCE_ROOT; };
		27973F942A79D9D6009AD0D1 /* TraccarModule.m */ = {isa = PBXFileReference; fileEncoding = 4; lastKnownFileType = sourcecode.c.objc; name = TraccarModule.m; path = TraccarClient/TraccarModule.m; sourceTree = SOURCE_ROOT; };
		27973F952A79D9D6009AD0D1 /* NetworkManager.swift */ = {isa = PBXFileReference; fileEncoding = 4; lastKnownFileType = sourcecode.swift; name = NetworkManager.swift; path = TraccarClient/NetworkManager.swift; sourceTree = SOURCE_ROOT; };
		27973F962A79D9D6009AD0D1 /* TraccarModule.swift */ = {isa = PBXFileReference; fileEncoding = 4; lastKnownFileType = sourcecode.swift; name = TraccarModule.swift; path = TraccarClient/TraccarModule.swift; sourceTree = SOURCE_ROOT; };
		27973F972A79D9D6009AD0D1 /* DatabaseHelper.swift */ = {isa = PBXFileReference; fileEncoding = 4; lastKnownFileType = sourcecode.swift; name = DatabaseHelper.swift; path = TraccarClient/DatabaseHelper.swift; sourceTree = SOURCE_ROOT; };
		27973F982A79D9D6009AD0D1 /* AppDelegate.swift */ = {isa = PBXFileReference; fileEncoding = 4; lastKnownFileType = sourcecode.swift; name = AppDelegate.swift; path = TraccarClient/AppDelegate.swift; sourceTree = SOURCE_ROOT; };
		27973F992A79D9D6009AD0D1 /* ProtocolFormatter.swift */ = {isa = PBXFileReference; fileEncoding = 4; lastKnownFileType = sourcecode.swift; name = ProtocolFormatter.swift; path = TraccarClient/ProtocolFormatter.swift; sourceTree = SOURCE_ROOT; };
		27973F9A2A79D9D6009AD0D1 /* PositionProvider.swift */ = {isa = PBXFileReference; fileEncoding = 4; lastKnownFileType = sourcecode.swift; name = PositionProvider.swift; path = TraccarClient/PositionProvider.swift; sourceTree = SOURCE_ROOT; };
		27973F9C2A79D9D6009AD0D1 /* Position.swift */ = {isa = PBXFileReference; fileEncoding = 4; lastKnownFileType = sourcecode.swift; name = Position.swift; path = TraccarClient/Position.swift; sourceTree = SOURCE_ROOT; };
		27973F9D2A79D9D6009AD0D1 /* DistanceCalculator.swift */ = {isa = PBXFileReference; fileEncoding = 4; lastKnownFileType = sourcecode.swift; name = DistanceCalculator.swift; path = TraccarClient/DistanceCalculator.swift; sourceTree = SOURCE_ROOT; };
		27973F9E2A79D9D6009AD0D1 /* InAppSettings.bundle */ = {isa = PBXFileReference; lastKnownFileType = "wrapper.plug-in"; name = InAppSettings.bundle; path = TraccarClient/InAppSettings.bundle; sourceTree = SOURCE_ROOT; };
		27973FA02A79D9D6009AD0D1 /* TraccarClient.xcdatamodel */ = {isa = PBXFileReference; lastKnownFileType = wrapper.xcdatamodel; path = TraccarClient.xcdatamodel; sourceTree = "<group>"; };
		27973FA12A79D9D6009AD0D1 /* TrackingController.swift */ = {isa = PBXFileReference; fileEncoding = 4; lastKnownFileType = sourcecode.swift; name = TrackingController.swift; path = TraccarClient/TrackingController.swift; sourceTree = SOURCE_ROOT; };
		27973FA22A79D9D6009AD0D1 /* TraccarModule.h */ = {isa = PBXFileReference; fileEncoding = 4; lastKnownFileType = sourcecode.c.h; name = TraccarModule.h; path = TraccarClient/TraccarModule.h; sourceTree = SOURCE_ROOT; };
		27973FA32A79D9D6009AD0D1 /* BatteryStatus.swift */ = {isa = PBXFileReference; fileEncoding = 4; lastKnownFileType = sourcecode.swift; name = BatteryStatus.swift; path = TraccarClient/BatteryStatus.swift; sourceTree = SOURCE_ROOT; };
		27973FB42A79D9F9009AD0D1 /* CoreFoundation.framework */ = {isa = PBXFileReference; lastKnownFileType = wrapper.framework; name = CoreFoundation.framework; path = Platforms/MacOSX.platform/Developer/SDKs/MacOSX13.1.sdk/System/Library/Frameworks/CoreFoundation.framework; sourceTree = DEVELOPER_DIR; };
		27973FB62A79D9FF009AD0D1 /* Foundation.framework */ = {isa = PBXFileReference; lastKnownFileType = wrapper.framework; name = Foundation.framework; path = Platforms/MacOSX.platform/Developer/SDKs/MacOSX13.1.sdk/System/Library/Frameworks/Foundation.framework; sourceTree = DEVELOPER_DIR; };
		27973FB82A79DA06009AD0D1 /* UIKit.framework */ = {isa = PBXFileReference; lastKnownFileType = wrapper.framework; name = UIKit.framework; path = Platforms/MacOSX.platform/Developer/SDKs/MacOSX13.1.sdk/System/iOSSupport/System/Library/Frameworks/UIKit.framework; sourceTree = DEVELOPER_DIR; };
		2CA7772B2D355F3A5D244F70 /* Pods-react-native-traccar.release.xcconfig */ = {isa = PBXFileReference; includeInIndex = 1; lastKnownFileType = text.xcconfig; name = "Pods-react-native-traccar.release.xcconfig"; path = "../../Pods/Target Support Files/Pods-react-native-traccar/Pods-react-native-traccar.release.xcconfig"; sourceTree = "<group>"; };
		39A7C03FBD4E9E831283691F /* libPods-react-native-traccar.a */ = {isa = PBXFileReference; explicitFileType = archive.ar; includeInIndex = 0; path = "libPods-react-native-traccar.a"; sourceTree = BUILT_PRODUCTS_DIR; };
		8FC3D6BF12CD89D2DD314D62 /* Pods-react-native-traccar.debug.xcconfig */ = {isa = PBXFileReference; includeInIndex = 1; lastKnownFileType = text.xcconfig; name = "Pods-react-native-traccar.debug.xcconfig"; path = "../../Pods/Target Support Files/Pods-react-native-traccar/Pods-react-native-traccar.debug.xcconfig"; sourceTree = "<group>"; };
/* End PBXFileReference section */

/* Begin PBXFrameworksBuildPhase section */
		58B511D81A9E6C8500147676 /* Frameworks */ = {
			isa = PBXFrameworksBuildPhase;
			buildActionMask = 2147483647;
			files = (
				27973FB92A79DA06009AD0D1 /* UIKit.framework in Frameworks */,
				27973FB72A79D9FF009AD0D1 /* Foundation.framework in Frameworks */,
				27973FB52A79D9F9009AD0D1 /* CoreFoundation.framework in Frameworks */,
			);
			runOnlyForDeploymentPostprocessing = 0;
		};
/* End PBXFrameworksBuildPhase section */

/* Begin PBXGroup section */
		1602EA0B990ADC0A3B7C77CF /* Products */ = {
			isa = PBXGroup;
			children = (
			);
			name = Products;
			sourceTree = "<group>";
		};
		27973F902A79D9A1009AD0D1 /* /Users/victorgazolli/projects/opensource/traccar/react-native-traccar/ios/TraccarClient.xcodeproj */ = {
			isa = PBXGroup;
			children = (
				27973F982A79D9D6009AD0D1 /* AppDelegate.swift */,
				27973FA32A79D9D6009AD0D1 /* BatteryStatus.swift */,
				27973F972A79D9D6009AD0D1 /* DatabaseHelper.swift */,
				27973F9D2A79D9D6009AD0D1 /* DistanceCalculator.swift */,
				27973F9E2A79D9D6009AD0D1 /* InAppSettings.bundle */,
				27973F952A79D9D6009AD0D1 /* NetworkManager.swift */,
				27973F9C2A79D9D6009AD0D1 /* Position.swift */,
				27973F9A2A79D9D6009AD0D1 /* PositionProvider.swift */,
				27973F992A79D9D6009AD0D1 /* ProtocolFormatter.swift */,
				27973F922A79D9D6009AD0D1 /* RequestManager.swift */,
				27973F932A79D9D6009AD0D1 /* StatusViewController.swift */,
				27973F9F2A79D9D6009AD0D1 /* TraccarClient.xcdatamodeld */,
				27973FA22A79D9D6009AD0D1 /* TraccarModule.h */,
				27973F942A79D9D6009AD0D1 /* TraccarModule.m */,
				27973F962A79D9D6009AD0D1 /* TraccarModule.swift */,
				27973FA12A79D9D6009AD0D1 /* TrackingController.swift */,
				27973F912A79D9D6009AD0D1 /* react-native-traccar-Bridging-Header.h */,
				27973FB32A79D9F9009AD0D1 /* Frameworks */,
				1602EA0B990ADC0A3B7C77CF /* Products */,
				53033B0046CAC41D8DB6DC16 /* Pods */,
			);
			path = "/Users/victorgazolli/projects/opensource/traccar/react-native-traccar/ios/TraccarClient.xcodeproj";
			sourceTree = "<absolute>";
		};
		27973FB32A79D9F9009AD0D1 /* Frameworks */ = {
			isa = PBXGroup;
			children = (
				27973FB82A79DA06009AD0D1 /* UIKit.framework */,
				27973FB62A79D9FF009AD0D1 /* Foundation.framework */,
				27973FB42A79D9F9009AD0D1 /* CoreFoundation.framework */,
				39A7C03FBD4E9E831283691F /* libPods-react-native-traccar.a */,
			);
			name = Frameworks;
			sourceTree = "<group>";
		};
		53033B0046CAC41D8DB6DC16 /* Pods */ = {
			isa = PBXGroup;
			children = (
				8FC3D6BF12CD89D2DD314D62 /* Pods-react-native-traccar.debug.xcconfig */,
				2CA7772B2D355F3A5D244F70 /* Pods-react-native-traccar.release.xcconfig */,
			);
			path = Pods;
			sourceTree = "<group>";
		};
/* End PBXGroup section */

/* Begin PBXNativeTarget section */
		58B511DA1A9E6C8500147676 /* react-native-traccar */ = {
			isa = PBXNativeTarget;
			buildConfigurationList = 58B511EF1A9E6C8500147676 /* Build configuration list for PBXNativeTarget "react-native-traccar" */;
			buildPhases = (
				6DD37C998D242F60A2AC4D7D /* [CP] Check Pods Manifest.lock */,
				58B511D71A9E6C8500147676 /* Sources */,
				58B511D81A9E6C8500147676 /* Frameworks */,
				58B511D91A9E6C8500147676 /* CopyFiles */,
			);
			buildRules = (
			);
			dependencies = (
			);
			name = "react-native-traccar";
			productName = RCTDataManager;
			productType = "com.apple.product-type.library.static";
		};
/* End PBXNativeTarget section */

/* Begin PBXProject section */
		58B511D31A9E6C8500147676 /* Project object */ = {
			isa = PBXProject;
			attributes = {
				LastUpgradeCheck = 1200;
				ORGANIZATIONNAME = Traccar;
				TargetAttributes = {
					58B511DA1A9E6C8500147676 = {
						LastSwiftMigration = 1420;
					};
				};
			};
			buildConfigurationList = 58B511D61A9E6C8500147676 /* Build configuration list for PBXProject "TraccarClient" */;
			compatibilityVersion = "Xcode 3.2";
			developmentRegion = English;
			hasScannedForEncodings = 0;
			knownRegions = (
				English,
				en,
			);
			mainGroup = 27973F902A79D9A1009AD0D1 /* /Users/victorgazolli/projects/opensource/traccar/react-native-traccar/ios/TraccarClient.xcodeproj */;
			productRefGroup = 1602EA0B990ADC0A3B7C77CF /* Products */;
			projectDirPath = "";
			projectRoot = "";
			targets = (
				58B511DA1A9E6C8500147676 /* react-native-traccar */,
			);
		};
/* End PBXProject section */

/* Begin PBXShellScriptBuildPhase section */
		6DD37C998D242F60A2AC4D7D /* [CP] Check Pods Manifest.lock */ = {
			isa = PBXShellScriptBuildPhase;
			buildActionMask = 2147483647;
			files = (
			);
			inputFileListPaths = (
			);
			inputPaths = (
				"${PODS_PODFILE_DIR_PATH}/Podfile.lock",
				"${PODS_ROOT}/Manifest.lock",
			);
			name = "[CP] Check Pods Manifest.lock";
			outputFileListPaths = (
			);
			outputPaths = (
				"$(DERIVED_FILE_DIR)/Pods-react-native-traccar-checkManifestLockResult.txt",
			);
			runOnlyForDeploymentPostprocessing = 0;
			shellPath = /bin/sh;
			shellScript = "diff \"${PODS_PODFILE_DIR_PATH}/Podfile.lock\" \"${PODS_ROOT}/Manifest.lock\" > /dev/null\nif [ $? != 0 ] ; then\n    # print error to STDERR\n    echo \"error: The sandbox is not in sync with the Podfile.lock. Run 'pod install' or update your CocoaPods installation.\" >&2\n    exit 1\nfi\n# This output is used by Xcode 'outputs' to avoid re-running this script phase.\necho \"SUCCESS\" > \"${SCRIPT_OUTPUT_FILE_0}\"\n";
			showEnvVarsInLog = 0;
		};
/* End PBXShellScriptBuildPhase section */

/* Begin PBXSourcesBuildPhase section */
		58B511D71A9E6C8500147676 /* Sources */ = {
			isa = PBXSourcesBuildPhase;
			buildActionMask = 2147483647;
			files = (
				27973FAF2A79D9D6009AD0D1 /* DistanceCalculator.swift in Sources */,
				27973FAE2A79D9D6009AD0D1 /* Position.swift in Sources */,
				27973FAB2A79D9D6009AD0D1 /* ProtocolFormatter.swift in Sources */,
				27973FB02A79D9D6009AD0D1 /* TraccarClient.xcdatamodeld in Sources */,
				27973FA72A79D9D6009AD0D1 /* NetworkManager.swift in Sources */,
				27973FA52A79D9D6009AD0D1 /* StatusViewController.swift in Sources */,
				27973FA42A79D9D6009AD0D1 /* RequestManager.swift in Sources */,
				27973FA62A79D9D6009AD0D1 /* TraccarModule.m in Sources */,
				27973FAC2A79D9D6009AD0D1 /* PositionProvider.swift in Sources */,
				27973FAA2A79D9D6009AD0D1 /* AppDelegate.swift in Sources */,
				27973FB12A79D9D6009AD0D1 /* TrackingController.swift in Sources */,
				27973FA92A79D9D6009AD0D1 /* DatabaseHelper.swift in Sources */,
				27973FA82A79D9D6009AD0D1 /* TraccarModule.swift in Sources */,
				27973FB22A79D9D6009AD0D1 /* BatteryStatus.swift in Sources */,
			);
			runOnlyForDeploymentPostprocessing = 0;
		};
/* End PBXSourcesBuildPhase section */

/* Begin XCBuildConfiguration section */
		58B511ED1A9E6C8500147676 /* Debug */ = {
			isa = XCBuildConfiguration;
			buildSettings = {
				ALWAYS_SEARCH_USER_PATHS = NO;
				CLANG_CXX_LANGUAGE_STANDARD = "c++17";
				CLANG_CXX_LIBRARY = "libc++";
				CLANG_ENABLE_MODULES = YES;
				CLANG_ENABLE_OBJC_ARC = YES;
				CLANG_WARN_BLOCK_CAPTURE_AUTORELEASING = YES;
				CLANG_WARN_BOOL_CONVERSION = YES;
				CLANG_WARN_COMMA = YES;
				CLANG_WARN_CONSTANT_CONVERSION = YES;
				CLANG_WARN_DEPRECATED_OBJC_IMPLEMENTATIONS = YES;
				CLANG_WARN_DIRECT_OBJC_ISA_USAGE = YES_ERROR;
				CLANG_WARN_EMPTY_BODY = YES;
				CLANG_WARN_ENUM_CONVERSION = YES;
				CLANG_WARN_INFINITE_RECURSION = YES;
				CLANG_WARN_INT_CONVERSION = YES;
				CLANG_WARN_NON_LITERAL_NULL_CONVERSION = YES;
				CLANG_WARN_OBJC_IMPLICIT_RETAIN_SELF = YES;
				CLANG_WARN_OBJC_LITERAL_CONVERSION = YES;
				CLANG_WARN_OBJC_ROOT_CLASS = YES_ERROR;
				CLANG_WARN_RANGE_LOOP_ANALYSIS = YES;
				CLANG_WARN_STRICT_PROTOTYPES = YES;
				CLANG_WARN_SUSPICIOUS_MOVE = YES;
				CLANG_WARN_UNREACHABLE_CODE = YES;
				CLANG_WARN__DUPLICATE_METHOD_MATCH = YES;
				COPY_PHASE_STRIP = NO;
				ENABLE_STRICT_OBJC_MSGSEND = YES;
				ENABLE_TESTABILITY = YES;
				"EXCLUDED_ARCHS[sdk=iphonesimulator*]" = i386;
				GCC_C_LANGUAGE_STANDARD = gnu99;
				GCC_DYNAMIC_NO_PIC = NO;
				GCC_NO_COMMON_BLOCKS = YES;
				GCC_OPTIMIZATION_LEVEL = 0;
				GCC_PREPROCESSOR_DEFINITIONS = (
					"DEBUG=1",
					"$(inherited)",
				);
				GCC_SYMBOLS_PRIVATE_EXTERN = NO;
				GCC_WARN_64_TO_32_BIT_CONVERSION = YES;
				GCC_WARN_ABOUT_RETURN_TYPE = YES_ERROR;
				GCC_WARN_UNDECLARED_SELECTOR = YES;
				GCC_WARN_UNINITIALIZED_AUTOS = YES_AGGRESSIVE;
				GCC_WARN_UNUSED_FUNCTION = YES;
				GCC_WARN_UNUSED_VARIABLE = YES;
				IPHONEOS_DEPLOYMENT_TARGET = 10.0;
				MTL_ENABLE_DEBUG_INFO = YES;
				ONLY_ACTIVE_ARCH = YES;
				OTHER_CFLAGS = "$(inherited)";
				OTHER_CPLUSPLUSFLAGS = "$(inherited)";
				REACT_NATIVE_PATH = "${PODS_ROOT}/../../node_modules/react-native";
				SDKROOT = iphoneos;
			};
			name = Debug;
		};
		58B511EE1A9E6C8500147676 /* Release */ = {
			isa = XCBuildConfiguration;
			buildSettings = {
				ALWAYS_SEARCH_USER_PATHS = NO;
				CLANG_CXX_LANGUAGE_STANDARD = "c++17";
				CLANG_CXX_LIBRARY = "libc++";
				CLANG_ENABLE_MODULES = YES;
				CLANG_ENABLE_OBJC_ARC = YES;
				CLANG_WARN_BLOCK_CAPTURE_AUTORELEASING = YES;
				CLANG_WARN_BOOL_CONVERSION = YES;
				CLANG_WARN_COMMA = YES;
				CLANG_WARN_CONSTANT_CONVERSION = YES;
				CLANG_WARN_DEPRECATED_OBJC_IMPLEMENTATIONS = YES;
				CLANG_WARN_DIRECT_OBJC_ISA_USAGE = YES_ERROR;
				CLANG_WARN_EMPTY_BODY = YES;
				CLANG_WARN_ENUM_CONVERSION = YES;
				CLANG_WARN_INFINITE_RECURSION = YES;
				CLANG_WARN_INT_CONVERSION = YES;
				CLANG_WARN_NON_LITERAL_NULL_CONVERSION = YES;
				CLANG_WARN_OBJC_IMPLICIT_RETAIN_SELF = YES;
				CLANG_WARN_OBJC_LITERAL_CONVERSION = YES;
				CLANG_WARN_OBJC_ROOT_CLASS = YES_ERROR;
				CLANG_WARN_RANGE_LOOP_ANALYSIS = YES;
				CLANG_WARN_STRICT_PROTOTYPES = YES;
				CLANG_WARN_SUSPICIOUS_MOVE = YES;
				CLANG_WARN_UNREACHABLE_CODE = YES;
				CLANG_WARN__DUPLICATE_METHOD_MATCH = YES;
				COPY_PHASE_STRIP = YES;
				ENABLE_NS_ASSERTIONS = NO;
				ENABLE_STRICT_OBJC_MSGSEND = YES;
				"EXCLUDED_ARCHS[sdk=iphonesimulator*]" = i386;
				GCC_C_LANGUAGE_STANDARD = gnu99;
				GCC_NO_COMMON_BLOCKS = YES;
				GCC_WARN_64_TO_32_BIT_CONVERSION = YES;
				GCC_WARN_ABOUT_RETURN_TYPE = YES_ERROR;
				GCC_WARN_UNDECLARED_SELECTOR = YES;
				GCC_WARN_UNINITIALIZED_AUTOS = YES_AGGRESSIVE;
				GCC_WARN_UNUSED_FUNCTION = YES;
				GCC_WARN_UNUSED_VARIABLE = YES;
				IPHONEOS_DEPLOYMENT_TARGET = 10.0;
				MTL_ENABLE_DEBUG_INFO = NO;
				OTHER_CFLAGS = "$(inherited)";
				OTHER_CPLUSPLUSFLAGS = "$(inherited)";
				REACT_NATIVE_PATH = "${PODS_ROOT}/../../node_modules/react-native";
				SDKROOT = iphoneos;
				VALIDATE_PRODUCT = YES;
			};
			name = Release;
		};
		58B511F01A9E6C8500147676 /* Debug */ = {
			isa = XCBuildConfiguration;
			baseConfigurationReference = 8FC3D6BF12CD89D2DD314D62 /* Pods-react-native-traccar.debug.xcconfig */;
			buildSettings = {
				CLANG_ENABLE_MODULES = YES;
				HEADER_SEARCH_PATHS = (
					"$(inherited)",
					/Applications/Xcode.app/Contents/Developer/Toolchains/XcodeDefault.xctoolchain/usr/include,
					"$(SRCROOT)/../../React/**",
					"$(SRCROOT)/../../node_modules/react-native/React/**",
				);
				LD_RUNPATH_SEARCH_PATHS = "$(inherited) @executable_path/Frameworks @loader_path/Frameworks";
				LIBRARY_SEARCH_PATHS = "$(SDKROOT)/usr/lib/swift$(inherited)";
				OTHER_LDFLAGS = "-ObjC";
				PRODUCT_NAME = "react-native-traccar";
				SKIP_INSTALL = YES;
				SWIFT_OBJC_BRIDGING_HEADER = "TraccarClient.xcodeproj/react-native-traccar-Bridging-Header.h";
				SWIFT_OPTIMIZATION_LEVEL = "-Onone";
				SWIFT_VERSION = 5.0;
			};
			name = Debug;
		};
		58B511F11A9E6C8500147676 /* Release */ = {
			isa = XCBuildConfiguration;
			baseConfigurationReference = 2CA7772B2D355F3A5D244F70 /* Pods-react-native-traccar.release.xcconfig */;
			buildSettings = {
				CLANG_ENABLE_MODULES = YES;
				HEADER_SEARCH_PATHS = (
					"$(inherited)",
					/Applications/Xcode.app/Contents/Developer/Toolchains/XcodeDefault.xctoolchain/usr/include,
					"$(SRCROOT)/../../React/**",
				);
				LD_RUNPATH_SEARCH_PATHS = "$(inherited) @executable_path/Frameworks @loader_path/Frameworks";
				LIBRARY_SEARCH_PATHS = "$(SDKROOT)/usr/lib/swift$(inherited)";
				OTHER_LDFLAGS = "-ObjC";
				PRODUCT_NAME = "react-native-traccar";
				SKIP_INSTALL = YES;
				SWIFT_OBJC_BRIDGING_HEADER = "TraccarClient.xcodeproj/react-native-traccar-Bridging-Header.h";
				SWIFT_VERSION = 5.0;
			};
			name = Release;
		};
/* End XCBuildConfiguration section */

/* Begin XCConfigurationList section */
		58B511D61A9E6C8500147676 /* Build configuration list for PBXProject "TraccarClient" */ = {
			isa = XCConfigurationList;
			buildConfigurations = (
				58B511ED1A9E6C8500147676 /* Debug */,
				58B511EE1A9E6C8500147676 /* Release */,
			);
			defaultConfigurationIsVisible = 0;
			defaultConfigurationName = Release;
		};
		58B511EF1A9E6C8500147676 /* Build configuration list for PBXNativeTarget "react-native-traccar" */ = {
			isa = XCConfigurationList;
			buildConfigurations = (
				58B511F01A9E6C8500147676 /* Debug */,
				58B511F11A9E6C8500147676 /* Release */,
			);
			defaultConfigurationIsVisible = 0;
			defaultConfigurationName = Release;
		};
/* End XCConfigurationList section */

/* Begin XCVersionGroup section */
		27973F9F2A79D9D6009AD0D1 /* TraccarClient.xcdatamodeld */ = {
			isa = XCVersionGroup;
			children = (
				27973FA02A79D9D6009AD0D1 /* TraccarClient.xcdatamodel */,
			);
			currentVersion = 27973FA02A79D9D6009AD0D1 /* TraccarClient.xcdatamodel */;
			name = TraccarClient.xcdatamodeld;
			path = ../TraccarClient/TraccarClient.xcdatamodeld;
			sourceTree = "<group>";
			versionGroupType = wrapper.xcdatamodel;
		};
/* End XCVersionGroup section */
	};
	rootObject = 58B511D31A9E6C8500147676 /* Project object */;
}
